// !$*UTF8*$!
{
	archiveVersion = 1;
	classes = {
	};
	objectVersion = 46;
	objects = {

/* Begin PBXBuildFile section */
		1E3EA71A1C72288F0067260F /* AppDelegate.swift in Sources */ = {isa = PBXBuildFile; fileRef = 1E3EA7191C72288F0067260F /* AppDelegate.swift */; };
		1E3EA71F1C72288F0067260F /* Main.storyboard in Resources */ = {isa = PBXBuildFile; fileRef = 1E3EA71D1C72288F0067260F /* Main.storyboard */; };
		1E3EA7211C72288F0067260F /* Assets.xcassets in Resources */ = {isa = PBXBuildFile; fileRef = 1E3EA7201C72288F0067260F /* Assets.xcassets */; };
		1E3EA7241C72288F0067260F /* LaunchScreen.storyboard in Resources */ = {isa = PBXBuildFile; fileRef = 1E3EA7221C72288F0067260F /* LaunchScreen.storyboard */; };
		1EBEA5B71C751CDC003EF159 /* MyCollectionViewCell.swift in Sources */ = {isa = PBXBuildFile; fileRef = 1EBEA5B61C751CDC003EF159 /* MyCollectionViewCell.swift */; };
		1EBEA5B91C7527A1003EF159 /* Chameleon-master in Resources */ = {isa = PBXBuildFile; fileRef = 1EBEA5B81C7527A1003EF159 /* Chameleon-master */; };
		1EBEA5BD1C766B31003EF159 /* CAGradientLayer+Convenience.swift in Sources */ = {isa = PBXBuildFile; fileRef = 1EBEA5BC1C766B31003EF159 /* CAGradientLayer+Convenience.swift */; };
		1EBEA5C31C76788A003EF159 /* BebasNeue Bold.otf in Resources */ = {isa = PBXBuildFile; fileRef = 1EBEA5BE1C76788A003EF159 /* BebasNeue Bold.otf */; };
		1EBEA5C41C76788A003EF159 /* BebasNeue Book.otf in Resources */ = {isa = PBXBuildFile; fileRef = 1EBEA5BF1C76788A003EF159 /* BebasNeue Book.otf */; };
		1EBEA5C51C76788A003EF159 /* BebasNeue Light.otf in Resources */ = {isa = PBXBuildFile; fileRef = 1EBEA5C01C76788A003EF159 /* BebasNeue Light.otf */; };
		1EBEA5C61C76788A003EF159 /* BebasNeue Regular.otf in Resources */ = {isa = PBXBuildFile; fileRef = 1EBEA5C11C76788A003EF159 /* BebasNeue Regular.otf */; };
		1EBEA5C71C76788A003EF159 /* BebasNeue Thin.otf in Resources */ = {isa = PBXBuildFile; fileRef = 1EBEA5C21C76788A003EF159 /* BebasNeue Thin.otf */; };
		1EBEA5EA1C77BC3B003EF159 /* SkillsViewController.swift in Sources */ = {isa = PBXBuildFile; fileRef = 1EBEA5E91C77BC3B003EF159 /* SkillsViewController.swift */; };
		1EBEA5EC1C790C4F003EF159 /* InterestsViewController.swift in Sources */ = {isa = PBXBuildFile; fileRef = 1EBEA5EB1C790C4F003EF159 /* InterestsViewController.swift */; };
		1EBEA5EE1C791506003EF159 /* AwardsViewController.swift in Sources */ = {isa = PBXBuildFile; fileRef = 1EBEA5ED1C791506003EF159 /* AwardsViewController.swift */; };
		1EBEA5F01C7A0E43003EF159 /* EducationViewController.swift in Sources */ = {isa = PBXBuildFile; fileRef = 1EBEA5EF1C7A0E43003EF159 /* EducationViewController.swift */; };
		1EBEA5F21C7A11A6003EF159 /* ProjectsViewController.swift in Sources */ = {isa = PBXBuildFile; fileRef = 1EBEA5F11C7A11A6003EF159 /* ProjectsViewController.swift */; };
		1EBEA5F41C7A16E6003EF159 /* MyCollectionViewController.swift in Sources */ = {isa = PBXBuildFile; fileRef = 1EBEA5F31C7A16E6003EF159 /* MyCollectionViewController.swift */; };
		1EBEA5F61C7A176E003EF159 /* AboutMeViewController.swift in Sources */ = {isa = PBXBuildFile; fileRef = 1EBEA5F51C7A176E003EF159 /* AboutMeViewController.swift */; };
/* End PBXBuildFile section */

/* Begin PBXFileReference section */
		1E3EA7161C72288F0067260F /* Danya Baron.app */ = {isa = PBXFileReference; explicitFileType = wrapper.application; includeInIndex = 0; path = "Danya Baron.app"; sourceTree = BUILT_PRODUCTS_DIR; };
		1E3EA7191C72288F0067260F /* AppDelegate.swift */ = {isa = PBXFileReference; lastKnownFileType = sourcecode.swift; path = AppDelegate.swift; sourceTree = "<group>"; };
		1E3EA71E1C72288F0067260F /* Base */ = {isa = PBXFileReference; lastKnownFileType = file.storyboard; name = Base; path = Base.lproj/Main.storyboard; sourceTree = "<group>"; };
		1E3EA7201C72288F0067260F /* Assets.xcassets */ = {isa = PBXFileReference; lastKnownFileType = folder.assetcatalog; path = Assets.xcassets; sourceTree = "<group>"; };
		1E3EA7231C72288F0067260F /* Base */ = {isa = PBXFileReference; lastKnownFileType = file.storyboard; name = Base; path = Base.lproj/LaunchScreen.storyboard; sourceTree = "<group>"; };
		1E3EA7251C72288F0067260F /* Info.plist */ = {isa = PBXFileReference; lastKnownFileType = text.plist.xml; path = Info.plist; sourceTree = "<group>"; };
		1EBEA5B61C751CDC003EF159 /* MyCollectionViewCell.swift */ = {isa = PBXFileReference; fileEncoding = 4; lastKnownFileType = sourcecode.swift; path = MyCollectionViewCell.swift; sourceTree = "<group>"; };
		1EBEA5B81C7527A1003EF159 /* Chameleon-master */ = {isa = PBXFileReference; lastKnownFileType = folder; path = "Chameleon-master"; sourceTree = "<group>"; };
		1EBEA5BC1C766B31003EF159 /* CAGradientLayer+Convenience.swift */ = {isa = PBXFileReference; fileEncoding = 4; lastKnownFileType = sourcecode.swift; path = "CAGradientLayer+Convenience.swift"; sourceTree = "<group>"; };
		1EBEA5BE1C76788A003EF159 /* BebasNeue Bold.otf */ = {isa = PBXFileReference; lastKnownFileType = file; path = "BebasNeue Bold.otf"; sourceTree = "<group>"; };
		1EBEA5BF1C76788A003EF159 /* BebasNeue Book.otf */ = {isa = PBXFileReference; lastKnownFileType = file; path = "BebasNeue Book.otf"; sourceTree = "<group>"; };
		1EBEA5C01C76788A003EF159 /* BebasNeue Light.otf */ = {isa = PBXFileReference; lastKnownFileType = file; path = "BebasNeue Light.otf"; sourceTree = "<group>"; };
		1EBEA5C11C76788A003EF159 /* BebasNeue Regular.otf */ = {isa = PBXFileReference; lastKnownFileType = file; path = "BebasNeue Regular.otf"; sourceTree = "<group>"; };
		1EBEA5C21C76788A003EF159 /* BebasNeue Thin.otf */ = {isa = PBXFileReference; lastKnownFileType = file; path = "BebasNeue Thin.otf"; sourceTree = "<group>"; };
		1EBEA5E91C77BC3B003EF159 /* SkillsViewController.swift */ = {isa = PBXFileReference; fileEncoding = 4; lastKnownFileType = sourcecode.swift; path = SkillsViewController.swift; sourceTree = "<group>"; };
		1EBEA5EB1C790C4F003EF159 /* InterestsViewController.swift */ = {isa = PBXFileReference; fileEncoding = 4; lastKnownFileType = sourcecode.swift; path = InterestsViewController.swift; sourceTree = "<group>"; };
		1EBEA5ED1C791506003EF159 /* AwardsViewController.swift */ = {isa = PBXFileReference; fileEncoding = 4; lastKnownFileType = sourcecode.swift; path = AwardsViewController.swift; sourceTree = "<group>"; };
		1EBEA5EF1C7A0E43003EF159 /* EducationViewController.swift */ = {isa = PBXFileReference; fileEncoding = 4; lastKnownFileType = sourcecode.swift; path = EducationViewController.swift; sourceTree = "<group>"; };
		1EBEA5F11C7A11A6003EF159 /* ProjectsViewController.swift */ = {isa = PBXFileReference; fileEncoding = 4; lastKnownFileType = sourcecode.swift; path = ProjectsViewController.swift; sourceTree = "<group>"; };
		1EBEA5F31C7A16E6003EF159 /* MyCollectionViewController.swift */ = {isa = PBXFileReference; fileEncoding = 4; lastKnownFileType = sourcecode.swift; path = MyCollectionViewController.swift; sourceTree = "<group>"; };
		1EBEA5F51C7A176E003EF159 /* AboutMeViewController.swift */ = {isa = PBXFileReference; fileEncoding = 4; lastKnownFileType = sourcecode.swift; path = AboutMeViewController.swift; sourceTree = "<group>"; };
/* End PBXFileReference section */

/* Begin PBXFrameworksBuildPhase section */
		1E3EA7131C72288F0067260F /* Frameworks */ = {
			isa = PBXFrameworksBuildPhase;
			buildActionMask = 2147483647;
			files = (
			);
			runOnlyForDeploymentPostprocessing = 0;
		};
/* End PBXFrameworksBuildPhase section */

/* Begin PBXGroup section */
		1E3EA70D1C72288F0067260F = {
			isa = PBXGroup;
			children = (
				1E3EA7181C72288F0067260F /* Test Collection2 */,
				1E3EA7171C72288F0067260F /* Products */,
			);
			sourceTree = "<group>";
		};
		1E3EA7171C72288F0067260F /* Products */ = {
			isa = PBXGroup;
			children = (
				1E3EA7161C72288F0067260F /* Danya Baron.app */,
			);
			name = Products;
			sourceTree = "<group>";
		};
		1E3EA7181C72288F0067260F /* Test Collection2 */ = {
			isa = PBXGroup;
			children = (
				1EBEA5C81C767921003EF159 /* Font */,
				1E3EA7191C72288F0067260F /* AppDelegate.swift */,
				1EBEA5F31C7A16E6003EF159 /* MyCollectionViewController.swift */,
				1EBEA5B61C751CDC003EF159 /* MyCollectionViewCell.swift */,
				1EBEA5F51C7A176E003EF159 /* AboutMeViewController.swift */,
				1EBEA5E91C77BC3B003EF159 /* SkillsViewController.swift */,
				1EBEA5EB1C790C4F003EF159 /* InterestsViewController.swift */,
				1EBEA5ED1C791506003EF159 /* AwardsViewController.swift */,
				1EBEA5EF1C7A0E43003EF159 /* EducationViewController.swift */,
				1EBEA5F11C7A11A6003EF159 /* ProjectsViewController.swift */,
				1E3EA71D1C72288F0067260F /* Main.storyboard */,
				1EBEA5BC1C766B31003EF159 /* CAGradientLayer+Convenience.swift */,
				1E3EA7201C72288F0067260F /* Assets.xcassets */,
				1E3EA7221C72288F0067260F /* LaunchScreen.storyboard */,
				1E3EA7251C72288F0067260F /* Info.plist */,
				1EBEA5B81C7527A1003EF159 /* Chameleon-master */,
			);
			path = "Test Collection2";
			sourceTree = "<group>";
		};
		1EBEA5C81C767921003EF159 /* Font */ = {
			isa = PBXGroup;
			children = (
				1EBEA5BF1C76788A003EF159 /* BebasNeue Book.otf */,
				1EBEA5C21C76788A003EF159 /* BebasNeue Thin.otf */,
				1EBEA5BE1C76788A003EF159 /* BebasNeue Bold.otf */,
				1EBEA5C01C76788A003EF159 /* BebasNeue Light.otf */,
				1EBEA5C11C76788A003EF159 /* BebasNeue Regular.otf */,
			);
			name = Font;
			sourceTree = "<group>";
		};
/* End PBXGroup section */

/* Begin PBXNativeTarget section */
		1E3EA7151C72288F0067260F /* Danya Baron */ = {
			isa = PBXNativeTarget;
			buildConfigurationList = 1E3EA7281C72288F0067260F /* Build configuration list for PBXNativeTarget "Danya Baron" */;
			buildPhases = (
				1E3EA7121C72288F0067260F /* Sources */,
				1E3EA7131C72288F0067260F /* Frameworks */,
				1E3EA7141C72288F0067260F /* Resources */,
			);
			buildRules = (
			);
			dependencies = (
			);
			name = "Danya Baron";
			productName = "Test Collection2";
			productReference = 1E3EA7161C72288F0067260F /* Danya Baron.app */;
			productType = "com.apple.product-type.application";
		};
/* End PBXNativeTarget section */

/* Begin PBXProject section */
		1E3EA70E1C72288F0067260F /* Project object */ = {
			isa = PBXProject;
			attributes = {
				LastSwiftUpdateCheck = 0720;
				LastUpgradeCheck = 0720;
				ORGANIZATIONNAME = "Danya Baron";
				TargetAttributes = {
					1E3EA7151C72288F0067260F = {
						CreatedOnToolsVersion = 7.2.1;
					};
				};
			};
			buildConfigurationList = 1E3EA7111C72288F0067260F /* Build configuration list for PBXProject "Danya Baron" */;
			compatibilityVersion = "Xcode 3.2";
			developmentRegion = English;
			hasScannedForEncodings = 0;
			knownRegions = (
				en,
				Base,
			);
			mainGroup = 1E3EA70D1C72288F0067260F;
			productRefGroup = 1E3EA7171C72288F0067260F /* Products */;
			projectDirPath = "";
			projectRoot = "";
			targets = (
				1E3EA7151C72288F0067260F /* Danya Baron */,
			);
		};
/* End PBXProject section */

/* Begin PBXResourcesBuildPhase section */
		1E3EA7141C72288F0067260F /* Resources */ = {
			isa = PBXResourcesBuildPhase;
			buildActionMask = 2147483647;
			files = (
				1EBEA5C61C76788A003EF159 /* BebasNeue Regular.otf in Resources */,
				1EBEA5C51C76788A003EF159 /* BebasNeue Light.otf in Resources */,
				1EBEA5C41C76788A003EF159 /* BebasNeue Book.otf in Resources */,
				1EBEA5C31C76788A003EF159 /* BebasNeue Bold.otf in Resources */,
				1EBEA5C71C76788A003EF159 /* BebasNeue Thin.otf in Resources */,
				1E3EA7241C72288F0067260F /* LaunchScreen.storyboard in Resources */,
				1EBEA5B91C7527A1003EF159 /* Chameleon-master in Resources */,
				1E3EA7211C72288F0067260F /* Assets.xcassets in Resources */,
				1E3EA71F1C72288F0067260F /* Main.storyboard in Resources */,
			);
			runOnlyForDeploymentPostprocessing = 0;
		};
/* End PBXResourcesBuildPhase section */

/* Begin PBXSourcesBuildPhase section */
		1E3EA7121C72288F0067260F /* Sources */ = {
			isa = PBXSourcesBuildPhase;
			buildActionMask = 2147483647;
			files = (
				1EBEA5EE1C791506003EF159 /* AwardsViewController.swift in Sources */,
				1EBEA5BD1C766B31003EF159 /* CAGradientLayer+Convenience.swift in Sources */,
				1EBEA5F21C7A11A6003EF159 /* ProjectsViewController.swift in Sources */,
				1EBEA5F01C7A0E43003EF159 /* EducationViewController.swift in Sources */,
				1E3EA71A1C72288F0067260F /* AppDelegate.swift in Sources */,
				1EBEA5F41C7A16E6003EF159 /* MyCollectionViewController.swift in Sources */,
				1EBEA5F61C7A176E003EF159 /* AboutMeViewController.swift in Sources */,
				1EBEA5EA1C77BC3B003EF159 /* SkillsViewController.swift in Sources */,
				1EBEA5EC1C790C4F003EF159 /* InterestsViewController.swift in Sources */,
				1EBEA5B71C751CDC003EF159 /* MyCollectionViewCell.swift in Sources */,
			);
			runOnlyForDeploymentPostprocessing = 0;
		};
/* End PBXSourcesBuildPhase section */

/* Begin PBXVariantGroup section */
		1E3EA71D1C72288F0067260F /* Main.storyboard */ = {
			isa = PBXVariantGroup;
			children = (
				1E3EA71E1C72288F0067260F /* Base */,
			);
			name = Main.storyboard;
			sourceTree = "<group>";
		};
		1E3EA7221C72288F0067260F /* LaunchScreen.storyboard */ = {
			isa = PBXVariantGroup;
			children = (
				1E3EA7231C72288F0067260F /* Base */,
			);
			name = LaunchScreen.storyboard;
			sourceTree = "<group>";
		};
/* End PBXVariantGroup section */

/* Begin XCBuildConfiguration section */
		1E3EA7261C72288F0067260F /* Debug */ = {
			isa = XCBuildConfiguration;
			buildSettings = {
				ALWAYS_SEARCH_USER_PATHS = NO;
				CLANG_CXX_LANGUAGE_STANDARD = "gnu++0x";
				CLANG_CXX_LIBRARY = "libc++";
				CLANG_ENABLE_MODULES = YES;
				CLANG_ENABLE_OBJC_ARC = YES;
				CLANG_WARN_BOOL_CONVERSION = YES;
				CLANG_WARN_CONSTANT_CONVERSION = YES;
				CLANG_WARN_DIRECT_OBJC_ISA_USAGE = YES_ERROR;
				CLANG_WARN_EMPTY_BODY = YES;
				CLANG_WARN_ENUM_CONVERSION = YES;
				CLANG_WARN_INT_CONVERSION = YES;
				CLANG_WARN_OBJC_ROOT_CLASS = YES_ERROR;
				CLANG_WARN_UNREACHABLE_CODE = YES;
				CLANG_WARN__DUPLICATE_METHOD_MATCH = YES;
				"CODE_SIGN_IDENTITY[sdk=iphoneos*]" = "iPhone Developer";
				COPY_PHASE_STRIP = NO;
				DEBUG_INFORMATION_FORMAT = dwarf;
				ENABLE_STRICT_OBJC_MSGSEND = YES;
				ENABLE_TESTABILITY = YES;
				GCC_C_LANGUAGE_STANDARD = gnu99;
				GCC_DYNAMIC_NO_PIC = NO;
				GCC_NO_COMMON_BLOCKS = YES;
				GCC_OPTIMIZATION_LEVEL = 0;
				GCC_PREPROCESSOR_DEFINITIONS = (
					"DEBUG=1",
					"$(inherited)",
				);
				GCC_WARN_64_TO_32_BIT_CONVERSION = YES;
				GCC_WARN_ABOUT_RETURN_TYPE = YES_ERROR;
				GCC_WARN_UNDECLARED_SELECTOR = YES;
				GCC_WARN_UNINITIALIZED_AUTOS = YES_AGGRESSIVE;
				GCC_WARN_UNUSED_FUNCTION = YES;
				GCC_WARN_UNUSED_VARIABLE = YES;
				IPHONEOS_DEPLOYMENT_TARGET = 9.2;
				MTL_ENABLE_DEBUG_INFO = YES;
				ONLY_ACTIVE_ARCH = YES;
				SDKROOT = iphoneos;
				SWIFT_OPTIMIZATION_LEVEL = "-Onone";
			};
			name = Debug;
		};
		1E3EA7271C72288F0067260F /* Release */ = {
			isa = XCBuildConfiguration;
			buildSettings = {
				ALWAYS_SEARCH_USER_PATHS = NO;
				CLANG_CXX_LANGUAGE_STANDARD = "gnu++0x";
				CLANG_CXX_LIBRARY = "libc++";
				CLANG_ENABLE_MODULES = YES;
				CLANG_ENABLE_OBJC_ARC = YES;
				CLANG_WARN_BOOL_CONVERSION = YES;
				CLANG_WARN_CONSTANT_CONVERSION = YES;
				CLANG_WARN_DIRECT_OBJC_ISA_USAGE = YES_ERROR;
				CLANG_WARN_EMPTY_BODY = YES;
				CLANG_WARN_ENUM_CONVERSION = YES;
				CLANG_WARN_INT_CONVERSION = YES;
				CLANG_WARN_OBJC_ROOT_CLASS = YES_ERROR;
				CLANG_WARN_UNREACHABLE_CODE = YES;
				CLANG_WARN__DUPLICATE_METHOD_MATCH = YES;
				"CODE_SIGN_IDENTITY[sdk=iphoneos*]" = "iPhone Developer";
				COPY_PHASE_STRIP = NO;
				DEBUG_INFORMATION_FORMAT = "dwarf-with-dsym";
				ENABLE_NS_ASSERTIONS = NO;
				ENABLE_STRICT_OBJC_MSGSEND = YES;
				GCC_C_LANGUAGE_STANDARD = gnu99;
				GCC_NO_COMMON_BLOCKS = YES;
				GCC_WARN_64_TO_32_BIT_CONVERSION = YES;
				GCC_WARN_ABOUT_RETURN_TYPE = YES_ERROR;
				GCC_WARN_UNDECLARED_SELECTOR = YES;
				GCC_WARN_UNINITIALIZED_AUTOS = YES_AGGRESSIVE;
				GCC_WARN_UNUSED_FUNCTION = YES;
				GCC_WARN_UNUSED_VARIABLE = YES;
				IPHONEOS_DEPLOYMENT_TARGET = 9.2;
				MTL_ENABLE_DEBUG_INFO = NO;
				SDKROOT = iphoneos;
				VALIDATE_PRODUCT = YES;
			};
			name = Release;
		};
		1E3EA7291C72288F0067260F /* Debug */ = {
			isa = XCBuildConfiguration;
			buildSettings = {
				ASSETCATALOG_COMPILER_APPICON_NAME = AppIcon;
				INFOPLIST_FILE = "Test Collection2/Info.plist";
				LD_RUNPATH_SEARCH_PATHS = "$(inherited) @executable_path/Frameworks";
				PRODUCT_BUNDLE_IDENTIFIER = "com.danyabaron.Test-Collection2";
				PRODUCT_NAME = "Danya Baron";
			};
			name = Debug;
		};
		1E3EA72A1C72288F0067260F /* Release */ = {
			isa = XCBuildConfiguration;
			buildSettings = {
				ASSETCATALOG_COMPILER_APPICON_NAME = AppIcon;
				INFOPLIST_FILE = "Test Collection2/Info.plist";
				LD_RUNPATH_SEARCH_PATHS = "$(inherited) @executable_path/Frameworks";
				PRODUCT_BUNDLE_IDENTIFIER = "com.danyabaron.Test-Collection2";
				PRODUCT_NAME = "Danya Baron";
			};
			name = Release;
		};
/* End XCBuildConfiguration section */

/* Begin XCConfigurationList section */
		1E3EA7111C72288F0067260F /* Build configuration list for PBXProject "Danya Baron" */ = {
			isa = XCConfigurationList;
			buildConfigurations = (
				1E3EA7261C72288F0067260F /* Debug */,
				1E3EA7271C72288F0067260F /* Release */,
			);
			defaultConfigurationIsVisible = 0;
			defaultConfigurationName = Release;
		};
		1E3EA7281C72288F0067260F /* Build configuration list for PBXNativeTarget "Danya Baron" */ = {
			isa = XCConfigurationList;
			buildConfigurations = (
				1E3EA7291C72288F0067260F /* Debug */,
				1E3EA72A1C72288F0067260F /* Release */,
			);
			defaultConfigurationIsVisible = 0;
			defaultConfigurationName = Release;
		};
/* End XCConfigurationList section */
	};
	rootObject = 1E3EA70E1C72288F0067260F /* Project object */;
}
